
Microsoft Visual Studio Solution File, Format Version 12.00
# Visual Studio Version 16
VisualStudioVersion = 16.0.31702.278
MinimumVisualStudioVersion = 10.0.40219.1
Project("{FAE04EC0-301F-11D3-BF4B-00C04F79EFBC}") = "EX27_9_sasakihodaka", "EX27_9_sasakihodaka.csproj", "{0E09E715-EE15-4B5D-A3D8-E76F219CD800}"
EndProject
Global
	GlobalSection(SolutionConfigurationPlatforms) = preSolution
		Debug|Any CPU = Debug|Any CPU
		Release|Any CPU = Release|Any CPU
	EndGlobalSection
	GlobalSection(ProjectConfigurationPlatforms) = postSolution
		{0E09E715-EE15-4B5D-A3D8-E76F219CD800}.Debug|Any CPU.ActiveCfg = Debug|Any CPU
		{0E09E715-EE15-4B5D-A3D8-E76F219CD800}.Debug|Any CPU.Build.0 = Debug|Any CPU
		{0E09E715-EE15-4B5D-A3D8-E76F219CD800}.Release|Any CPU.ActiveCfg = Release|Any CPU
		{0E09E715-EE15-4B5D-A3D8-E76F219CD800}.Release|Any CPU.Build.0 = Release|Any CPU
	EndGlobalSection
	GlobalSection(SolutionProperties) = preSolution
		HideSolutionNode = FALSE
	EndGlobalSection
	GlobalSection(ExtensibilityGlobals) = postSolution
		SolutionGuid = {DAF755F3-ACA0-424A-BE0B-A8199D237316}
	EndGlobalSection
EndGlobal
